
Microsoft Visual Studio Solution File, Format Version 11.00
# Visual Studio 2010
Project("{FAE04EC0-301F-11D3-BF4B-00C04F79EFBC}") = "Assembly-CSharp", "Assembly-CSharp.csproj", "{6b97e070-3502-620a-9e11-e960a26797aa}"
EndProject
Project("{FAE04EC0-301F-11D3-BF4B-00C04F79EFBC}") = "Assembly-CSharp-firstpass", "Assembly-CSharp-firstpass.csproj", "{730f475f-69e6-e85b-9195-c366e39e7480}"
EndProject
Project("{FAE04EC0-301F-11D3-BF4B-00C04F79EFBC}") = "Assembly-CSharp-Editor-firstpass", "Assembly-CSharp-Editor-firstpass.csproj", "{44ea1031-31e3-4eee-2217-77319f6a50bc}"
EndProject
Global
	GlobalSection(SolutionConfigurationPlatforms) = preSolution
		Debug|Any CPU = Debug|Any CPU
		Release|Any CPU = Release|Any CPU
	EndGlobalSection
	GlobalSection(ProjectConfigurationPlatforms) = postSolution
		{6b97e070-3502-620a-9e11-e960a26797aa}.Debug|Any CPU.ActiveCfg = Debug|Any CPU
		{6b97e070-3502-620a-9e11-e960a26797aa}.Debug|Any CPU.Build.0 = Debug|Any CPU
		{6b97e070-3502-620a-9e11-e960a26797aa}.Release|Any CPU.ActiveCfg = Release|Any CPU
		{6b97e070-3502-620a-9e11-e960a26797aa}.Release|Any CPU.Build.0 = Release|Any CPU
		{730f475f-69e6-e85b-9195-c366e39e7480}.Debug|Any CPU.ActiveCfg = Debug|Any CPU
		{730f475f-69e6-e85b-9195-c366e39e7480}.Debug|Any CPU.Build.0 = Debug|Any CPU
		{730f475f-69e6-e85b-9195-c366e39e7480}.Release|Any CPU.ActiveCfg = Release|Any CPU
		{730f475f-69e6-e85b-9195-c366e39e7480}.Release|Any CPU.Build.0 = Release|Any CPU
		{44ea1031-31e3-4eee-2217-77319f6a50bc}.Debug|Any CPU.ActiveCfg = Debug|Any CPU
		{44ea1031-31e3-4eee-2217-77319f6a50bc}.Debug|Any CPU.Build.0 = Debug|Any CPU
		{44ea1031-31e3-4eee-2217-77319f6a50bc}.Release|Any CPU.ActiveCfg = Release|Any CPU
		{44ea1031-31e3-4eee-2217-77319f6a50bc}.Release|Any CPU.Build.0 = Release|Any CPU
	EndGlobalSection
	GlobalSection(SolutionProperties) = preSolution
		HideSolutionNode = FALSE
	EndGlobalSection
EndGlobal
